{
  "object": {
    "pins": [
      {
        "package": "KeychainAccess",
        "repositoryURL": "https://github.com/kishikawakatsumi/KeychainAccess",
        "state": {
          "branch": null,
          "revision": "84e546727d66f1adc5439debad16270d0fdd04e7",
          "version": "4.2.2"
        }
      },
      {
        "package": "swift-argument-parser",
        "repositoryURL": "https://github.com/apple/swift-argument-parser",
        "state": {
          "branch": "async",
          "revision": "ddc37e4c53ed030bf2d75aaf3e9d489cc6495134",
          "version": null
        }
      },
      {
        "package": "WebLinking.swift",
        "repositoryURL": "https://github.com/andlister/WebLinking.swift",
        "state": {
          "branch": "master",
          "revision": "e8f93b4896bafda8bcf353fc4460bfce5351c2b7",
          "version": null
        }
      }
    ]
  },
  "version": 1
}
