{
  "object": {
    "pins": [
      {
        "package": "KeychainAccess",
        "repositoryURL": "https://github.com/kishikawakatsumi/KeychainAccess",
        "state": {
          "branch": null,
          "revision": "84e546727d66f1adc5439debad16270d0fdd04e7",
          "version": "4.2.2"
        }
      },
      {
        "package": "swift-argument-parser",
        "repositoryURL": "https://github.com/apple/swift-argument-parser",
        "state": {
          "branch": "async",
          "revision": "ddc37e4c53ed030bf2d75aaf3e9d489cc6495134",
          "version": null
        }
      },
      {
        "package": "swift-nio",
        "repositoryURL": "https://github.com/apple/swift-nio.git",
        "state": {
          "branch": null,
          "revision": "d79e33308b0ac83326b0ead0ea6446e604b8162d",
          "version": "2.30.0"
        }
      },
      {
        "package": "WebLinking",
        "repositoryURL": "https://github.com/sergiocampama/WebLinking",
        "state": {
          "branch": "main",
          "revision": "a5fc2ce2d17bacd037efc9ef4bfa5ecf7913128d",
          "version": null
        }
      }
    ]
  },
  "version": 1
}
